
Microsoft Visual Studio Solution File, Format Version 12.00
# Visual Studio 15
VisualStudioVersion = 15.0.26124.0
MinimumVisualStudioVersion = 15.0.26124.0
Project("{FAE04EC0-301F-11D3-BF4B-00C04F79EFBC}") = "WorkingWithText", "WorkingWithText\WorkingWithText.csproj", "{56E5F097-D6A5-460B-8C4F-0C5684979E8A}"
EndProject
Project("{FAE04EC0-301F-11D3-BF4B-00C04F79EFBC}") = "WorkingWithRegularExpressions", "WorkingWithRegularExpressions\WorkingWithRegularExpressions.csproj", "{BDEF8ADC-A791-4B9D-9BBE-32357D3105C7}"
EndProject
Project("{FAE04EC0-301F-11D3-BF4B-00C04F79EFBC}") = "WorkingWithLists", "WorkingWithLists\WorkingWithLists.csproj", "{592E90CC-C4F0-4ADE-8C95-12501CD875FD}"
EndProject
Project("{FAE04EC0-301F-11D3-BF4B-00C04F79EFBC}") = "WorkingWithDictionaries", "WorkingWithDictionaries\WorkingWithDictionaries.csproj", "{25F47740-1020-41BB-B7CE-2A41956C4BBB}"
EndProject
Global
	GlobalSection(SolutionConfigurationPlatforms) = preSolution
		Debug|Any CPU = Debug|Any CPU
		Debug|x64 = Debug|x64
		Debug|x86 = Debug|x86
		Release|Any CPU = Release|Any CPU
		Release|x64 = Release|x64
		Release|x86 = Release|x86
	EndGlobalSection
	GlobalSection(SolutionProperties) = preSolution
		HideSolutionNode = FALSE
	EndGlobalSection
	GlobalSection(ProjectConfigurationPlatforms) = postSolution
		{56E5F097-D6A5-460B-8C4F-0C5684979E8A}.Debug|Any CPU.ActiveCfg = Debug|Any CPU
		{56E5F097-D6A5-460B-8C4F-0C5684979E8A}.Debug|Any CPU.Build.0 = Debug|Any CPU
		{56E5F097-D6A5-460B-8C4F-0C5684979E8A}.Debug|x64.ActiveCfg = Debug|Any CPU
		{56E5F097-D6A5-460B-8C4F-0C5684979E8A}.Debug|x64.Build.0 = Debug|Any CPU
		{56E5F097-D6A5-460B-8C4F-0C5684979E8A}.Debug|x86.ActiveCfg = Debug|Any CPU
		{56E5F097-D6A5-460B-8C4F-0C5684979E8A}.Debug|x86.Build.0 = Debug|Any CPU
		{56E5F097-D6A5-460B-8C4F-0C5684979E8A}.Release|Any CPU.ActiveCfg = Release|Any CPU
		{56E5F097-D6A5-460B-8C4F-0C5684979E8A}.Release|Any CPU.Build.0 = Release|Any CPU
		{56E5F097-D6A5-460B-8C4F-0C5684979E8A}.Release|x64.ActiveCfg = Release|Any CPU
		{56E5F097-D6A5-460B-8C4F-0C5684979E8A}.Release|x64.Build.0 = Release|Any CPU
		{56E5F097-D6A5-460B-8C4F-0C5684979E8A}.Release|x86.ActiveCfg = Release|Any CPU
		{56E5F097-D6A5-460B-8C4F-0C5684979E8A}.Release|x86.Build.0 = Release|Any CPU
		{BDEF8ADC-A791-4B9D-9BBE-32357D3105C7}.Debug|Any CPU.ActiveCfg = Debug|Any CPU
		{BDEF8ADC-A791-4B9D-9BBE-32357D3105C7}.Debug|Any CPU.Build.0 = Debug|Any CPU
		{BDEF8ADC-A791-4B9D-9BBE-32357D3105C7}.Debug|x64.ActiveCfg = Debug|Any CPU
		{BDEF8ADC-A791-4B9D-9BBE-32357D3105C7}.Debug|x64.Build.0 = Debug|Any CPU
		{BDEF8ADC-A791-4B9D-9BBE-32357D3105C7}.Debug|x86.ActiveCfg = Debug|Any CPU
		{BDEF8ADC-A791-4B9D-9BBE-32357D3105C7}.Debug|x86.Build.0 = Debug|Any CPU
		{BDEF8ADC-A791-4B9D-9BBE-32357D3105C7}.Release|Any CPU.ActiveCfg = Release|Any CPU
		{BDEF8ADC-A791-4B9D-9BBE-32357D3105C7}.Release|Any CPU.Build.0 = Release|Any CPU
		{BDEF8ADC-A791-4B9D-9BBE-32357D3105C7}.Release|x64.ActiveCfg = Release|Any CPU
		{BDEF8ADC-A791-4B9D-9BBE-32357D3105C7}.Release|x64.Build.0 = Release|Any CPU
		{BDEF8ADC-A791-4B9D-9BBE-32357D3105C7}.Release|x86.ActiveCfg = Release|Any CPU
		{BDEF8ADC-A791-4B9D-9BBE-32357D3105C7}.Release|x86.Build.0 = Release|Any CPU
		{592E90CC-C4F0-4ADE-8C95-12501CD875FD}.Debug|Any CPU.ActiveCfg = Debug|Any CPU
		{592E90CC-C4F0-4ADE-8C95-12501CD875FD}.Debug|Any CPU.Build.0 = Debug|Any CPU
		{592E90CC-C4F0-4ADE-8C95-12501CD875FD}.Debug|x64.ActiveCfg = Debug|Any CPU
		{592E90CC-C4F0-4ADE-8C95-12501CD875FD}.Debug|x64.Build.0 = Debug|Any CPU
		{592E90CC-C4F0-4ADE-8C95-12501CD875FD}.Debug|x86.ActiveCfg = Debug|Any CPU
		{592E90CC-C4F0-4ADE-8C95-12501CD875FD}.Debug|x86.Build.0 = Debug|Any CPU
		{592E90CC-C4F0-4ADE-8C95-12501CD875FD}.Release|Any CPU.ActiveCfg = Release|Any CPU
		{592E90CC-C4F0-4ADE-8C95-12501CD875FD}.Release|Any CPU.Build.0 = Release|Any CPU
		{592E90CC-C4F0-4ADE-8C95-12501CD875FD}.Release|x64.ActiveCfg = Release|Any CPU
		{592E90CC-C4F0-4ADE-8C95-12501CD875FD}.Release|x64.Build.0 = Release|Any CPU
		{592E90CC-C4F0-4ADE-8C95-12501CD875FD}.Release|x86.ActiveCfg = Release|Any CPU
		{592E90CC-C4F0-4ADE-8C95-12501CD875FD}.Release|x86.Build.0 = Release|Any CPU
		{25F47740-1020-41BB-B7CE-2A41956C4BBB}.Debug|Any CPU.ActiveCfg = Debug|Any CPU
		{25F47740-1020-41BB-B7CE-2A41956C4BBB}.Debug|Any CPU.Build.0 = Debug|Any CPU
		{25F47740-1020-41BB-B7CE-2A41956C4BBB}.Debug|x64.ActiveCfg = Debug|Any CPU
		{25F47740-1020-41BB-B7CE-2A41956C4BBB}.Debug|x64.Build.0 = Debug|Any CPU
		{25F47740-1020-41BB-B7CE-2A41956C4BBB}.Debug|x86.ActiveCfg = Debug|Any CPU
		{25F47740-1020-41BB-B7CE-2A41956C4BBB}.Debug|x86.Build.0 = Debug|Any CPU
		{25F47740-1020-41BB-B7CE-2A41956C4BBB}.Release|Any CPU.ActiveCfg = Release|Any CPU
		{25F47740-1020-41BB-B7CE-2A41956C4BBB}.Release|Any CPU.Build.0 = Release|Any CPU
		{25F47740-1020-41BB-B7CE-2A41956C4BBB}.Release|x64.ActiveCfg = Release|Any CPU
		{25F47740-1020-41BB-B7CE-2A41956C4BBB}.Release|x64.Build.0 = Release|Any CPU
		{25F47740-1020-41BB-B7CE-2A41956C4BBB}.Release|x86.ActiveCfg = Release|Any CPU
		{25F47740-1020-41BB-B7CE-2A41956C4BBB}.Release|x86.Build.0 = Release|Any CPU
	EndGlobalSection
EndGlobal
