
Microsoft Visual Studio Solution File, Format Version 12.00
# Visual Studio 15
VisualStudioVersion = 15.0.26124.0
MinimumVisualStudioVersion = 15.0.26124.0
Project("{FAE04EC0-301F-11D3-BF4B-00C04F79EFBC}") = "ConsoleApp", "ConsoleApp\ConsoleApp.csproj", "{7CB14F50-7406-4B21-A92F-1F58F9A13A44}"
EndProject
Project("{FAE04EC0-301F-11D3-BF4B-00C04F79EFBC}") = "TypeDynamic", "TypeDynamic\TypeDynamic.csproj", "{0F8E3C03-2476-4E68-8844-8CC77958BA90}"
EndProject
Project("{FAE04EC0-301F-11D3-BF4B-00C04F79EFBC}") = "TypeObject", "TypeObject\TypeObject.csproj", "{72057A9F-3199-492A-8B82-9E013E7E2B6E}"
EndProject
Project("{FAE04EC0-301F-11D3-BF4B-00C04F79EFBC}") = "TypePrimitive", "TypePrimitive\TypePrimitive.csproj", "{58C0DF69-9366-4840-84D5-D5F906A90A17}"
EndProject
Project("{FAE04EC0-301F-11D3-BF4B-00C04F79EFBC}") = "TypeString", "TypeString\TypeString.csproj", "{B7730C32-2DD6-47BD-8251-4DC91F5D99AA}"
EndProject
Project("{FAE04EC0-301F-11D3-BF4B-00C04F79EFBC}") = "TypeVar", "TypeVar\TypeVar.csproj", "{81210348-6B04-490E-AB2A-FE83C8E537A2}"
EndProject
Global
	GlobalSection(SolutionProperties) = preSolution
		HideSolutionNode = FALSE
	EndGlobalSection
	GlobalSection(SolutionConfigurationPlatforms) = preSolution
		Debug|Any CPU = Debug|Any CPU
		Debug|x64 = Debug|x64
		Debug|x86 = Debug|x86
		Release|Any CPU = Release|Any CPU
		Release|x64 = Release|x64
		Release|x86 = Release|x86
	EndGlobalSection
	GlobalSection(ProjectConfigurationPlatforms) = postSolution
		{7CB14F50-7406-4B21-A92F-1F58F9A13A44}.Debug|Any CPU.ActiveCfg = Debug|Any CPU
		{7CB14F50-7406-4B21-A92F-1F58F9A13A44}.Debug|Any CPU.Build.0 = Debug|Any CPU
		{7CB14F50-7406-4B21-A92F-1F58F9A13A44}.Debug|x64.ActiveCfg = Debug|Any CPU
		{7CB14F50-7406-4B21-A92F-1F58F9A13A44}.Debug|x64.Build.0 = Debug|Any CPU
		{7CB14F50-7406-4B21-A92F-1F58F9A13A44}.Debug|x86.ActiveCfg = Debug|Any CPU
		{7CB14F50-7406-4B21-A92F-1F58F9A13A44}.Debug|x86.Build.0 = Debug|Any CPU
		{7CB14F50-7406-4B21-A92F-1F58F9A13A44}.Release|Any CPU.ActiveCfg = Release|Any CPU
		{7CB14F50-7406-4B21-A92F-1F58F9A13A44}.Release|Any CPU.Build.0 = Release|Any CPU
		{7CB14F50-7406-4B21-A92F-1F58F9A13A44}.Release|x64.ActiveCfg = Release|Any CPU
		{7CB14F50-7406-4B21-A92F-1F58F9A13A44}.Release|x64.Build.0 = Release|Any CPU
		{7CB14F50-7406-4B21-A92F-1F58F9A13A44}.Release|x86.ActiveCfg = Release|Any CPU
		{7CB14F50-7406-4B21-A92F-1F58F9A13A44}.Release|x86.Build.0 = Release|Any CPU
		{0F8E3C03-2476-4E68-8844-8CC77958BA90}.Debug|Any CPU.ActiveCfg = Debug|Any CPU
		{0F8E3C03-2476-4E68-8844-8CC77958BA90}.Debug|Any CPU.Build.0 = Debug|Any CPU
		{0F8E3C03-2476-4E68-8844-8CC77958BA90}.Debug|x64.ActiveCfg = Debug|Any CPU
		{0F8E3C03-2476-4E68-8844-8CC77958BA90}.Debug|x64.Build.0 = Debug|Any CPU
		{0F8E3C03-2476-4E68-8844-8CC77958BA90}.Debug|x86.ActiveCfg = Debug|Any CPU
		{0F8E3C03-2476-4E68-8844-8CC77958BA90}.Debug|x86.Build.0 = Debug|Any CPU
		{0F8E3C03-2476-4E68-8844-8CC77958BA90}.Release|Any CPU.ActiveCfg = Release|Any CPU
		{0F8E3C03-2476-4E68-8844-8CC77958BA90}.Release|Any CPU.Build.0 = Release|Any CPU
		{0F8E3C03-2476-4E68-8844-8CC77958BA90}.Release|x64.ActiveCfg = Release|Any CPU
		{0F8E3C03-2476-4E68-8844-8CC77958BA90}.Release|x64.Build.0 = Release|Any CPU
		{0F8E3C03-2476-4E68-8844-8CC77958BA90}.Release|x86.ActiveCfg = Release|Any CPU
		{0F8E3C03-2476-4E68-8844-8CC77958BA90}.Release|x86.Build.0 = Release|Any CPU
		{72057A9F-3199-492A-8B82-9E013E7E2B6E}.Debug|Any CPU.ActiveCfg = Debug|Any CPU
		{72057A9F-3199-492A-8B82-9E013E7E2B6E}.Debug|Any CPU.Build.0 = Debug|Any CPU
		{72057A9F-3199-492A-8B82-9E013E7E2B6E}.Debug|x64.ActiveCfg = Debug|Any CPU
		{72057A9F-3199-492A-8B82-9E013E7E2B6E}.Debug|x64.Build.0 = Debug|Any CPU
		{72057A9F-3199-492A-8B82-9E013E7E2B6E}.Debug|x86.ActiveCfg = Debug|Any CPU
		{72057A9F-3199-492A-8B82-9E013E7E2B6E}.Debug|x86.Build.0 = Debug|Any CPU
		{72057A9F-3199-492A-8B82-9E013E7E2B6E}.Release|Any CPU.ActiveCfg = Release|Any CPU
		{72057A9F-3199-492A-8B82-9E013E7E2B6E}.Release|Any CPU.Build.0 = Release|Any CPU
		{72057A9F-3199-492A-8B82-9E013E7E2B6E}.Release|x64.ActiveCfg = Release|Any CPU
		{72057A9F-3199-492A-8B82-9E013E7E2B6E}.Release|x64.Build.0 = Release|Any CPU
		{72057A9F-3199-492A-8B82-9E013E7E2B6E}.Release|x86.ActiveCfg = Release|Any CPU
		{72057A9F-3199-492A-8B82-9E013E7E2B6E}.Release|x86.Build.0 = Release|Any CPU
		{58C0DF69-9366-4840-84D5-D5F906A90A17}.Debug|Any CPU.ActiveCfg = Debug|Any CPU
		{58C0DF69-9366-4840-84D5-D5F906A90A17}.Debug|Any CPU.Build.0 = Debug|Any CPU
		{58C0DF69-9366-4840-84D5-D5F906A90A17}.Debug|x64.ActiveCfg = Debug|Any CPU
		{58C0DF69-9366-4840-84D5-D5F906A90A17}.Debug|x64.Build.0 = Debug|Any CPU
		{58C0DF69-9366-4840-84D5-D5F906A90A17}.Debug|x86.ActiveCfg = Debug|Any CPU
		{58C0DF69-9366-4840-84D5-D5F906A90A17}.Debug|x86.Build.0 = Debug|Any CPU
		{58C0DF69-9366-4840-84D5-D5F906A90A17}.Release|Any CPU.ActiveCfg = Release|Any CPU
		{58C0DF69-9366-4840-84D5-D5F906A90A17}.Release|Any CPU.Build.0 = Release|Any CPU
		{58C0DF69-9366-4840-84D5-D5F906A90A17}.Release|x64.ActiveCfg = Release|Any CPU
		{58C0DF69-9366-4840-84D5-D5F906A90A17}.Release|x64.Build.0 = Release|Any CPU
		{58C0DF69-9366-4840-84D5-D5F906A90A17}.Release|x86.ActiveCfg = Release|Any CPU
		{58C0DF69-9366-4840-84D5-D5F906A90A17}.Release|x86.Build.0 = Release|Any CPU
		{B7730C32-2DD6-47BD-8251-4DC91F5D99AA}.Debug|Any CPU.ActiveCfg = Debug|Any CPU
		{B7730C32-2DD6-47BD-8251-4DC91F5D99AA}.Debug|Any CPU.Build.0 = Debug|Any CPU
		{B7730C32-2DD6-47BD-8251-4DC91F5D99AA}.Debug|x64.ActiveCfg = Debug|Any CPU
		{B7730C32-2DD6-47BD-8251-4DC91F5D99AA}.Debug|x64.Build.0 = Debug|Any CPU
		{B7730C32-2DD6-47BD-8251-4DC91F5D99AA}.Debug|x86.ActiveCfg = Debug|Any CPU
		{B7730C32-2DD6-47BD-8251-4DC91F5D99AA}.Debug|x86.Build.0 = Debug|Any CPU
		{B7730C32-2DD6-47BD-8251-4DC91F5D99AA}.Release|Any CPU.ActiveCfg = Release|Any CPU
		{B7730C32-2DD6-47BD-8251-4DC91F5D99AA}.Release|Any CPU.Build.0 = Release|Any CPU
		{B7730C32-2DD6-47BD-8251-4DC91F5D99AA}.Release|x64.ActiveCfg = Release|Any CPU
		{B7730C32-2DD6-47BD-8251-4DC91F5D99AA}.Release|x64.Build.0 = Release|Any CPU
		{B7730C32-2DD6-47BD-8251-4DC91F5D99AA}.Release|x86.ActiveCfg = Release|Any CPU
		{B7730C32-2DD6-47BD-8251-4DC91F5D99AA}.Release|x86.Build.0 = Release|Any CPU
		{81210348-6B04-490E-AB2A-FE83C8E537A2}.Debug|Any CPU.ActiveCfg = Debug|Any CPU
		{81210348-6B04-490E-AB2A-FE83C8E537A2}.Debug|Any CPU.Build.0 = Debug|Any CPU
		{81210348-6B04-490E-AB2A-FE83C8E537A2}.Debug|x64.ActiveCfg = Debug|Any CPU
		{81210348-6B04-490E-AB2A-FE83C8E537A2}.Debug|x64.Build.0 = Debug|Any CPU
		{81210348-6B04-490E-AB2A-FE83C8E537A2}.Debug|x86.ActiveCfg = Debug|Any CPU
		{81210348-6B04-490E-AB2A-FE83C8E537A2}.Debug|x86.Build.0 = Debug|Any CPU
		{81210348-6B04-490E-AB2A-FE83C8E537A2}.Release|Any CPU.ActiveCfg = Release|Any CPU
		{81210348-6B04-490E-AB2A-FE83C8E537A2}.Release|Any CPU.Build.0 = Release|Any CPU
		{81210348-6B04-490E-AB2A-FE83C8E537A2}.Release|x64.ActiveCfg = Release|Any CPU
		{81210348-6B04-490E-AB2A-FE83C8E537A2}.Release|x64.Build.0 = Release|Any CPU
		{81210348-6B04-490E-AB2A-FE83C8E537A2}.Release|x86.ActiveCfg = Release|Any CPU
		{81210348-6B04-490E-AB2A-FE83C8E537A2}.Release|x86.Build.0 = Release|Any CPU
	EndGlobalSection
EndGlobal
