
Microsoft Visual Studio Solution File, Format Version 12.00
# Visual Studio 15
VisualStudioVersion = 15.0.26124.0
MinimumVisualStudioVersion = 15.0.26124.0
Project("{FAE04EC0-301F-11D3-BF4B-00C04F79EFBC}") = "ConsoleApp", "ConsoleApp\ConsoleApp.csproj", "{60F669E1-9BF7-47E8-819B-1C4FA883BF67}"
EndProject
Project("{FAE04EC0-301F-11D3-BF4B-00C04F79EFBC}") = "DynamicType", "DynamicType\DynamicType.csproj", "{563EC6B6-7489-46FB-BC92-2251B5481750}"
EndProject
Project("{FAE04EC0-301F-11D3-BF4B-00C04F79EFBC}") = "TypeString", "TypeString\TypeString.csproj", "{866339DF-FDB7-4147-8774-AE1191F0D63F}"
EndProject
Project("{FAE04EC0-301F-11D3-BF4B-00C04F79EFBC}") = "TypeDynamic", "TypeDynamic\TypeDynamic.csproj", "{5FC7FBAE-AD94-4FE1-8B30-4CF595B10266}"
EndProject
Project("{FAE04EC0-301F-11D3-BF4B-00C04F79EFBC}") = "TypeObject", "TypeObject\TypeObject.csproj", "{9D92DD5E-5990-42CF-A5DD-7D4A018FC8D0}"
EndProject
Global
	GlobalSection(SolutionConfigurationPlatforms) = preSolution
		Debug|Any CPU = Debug|Any CPU
		Debug|x64 = Debug|x64
		Debug|x86 = Debug|x86
		Release|Any CPU = Release|Any CPU
		Release|x64 = Release|x64
		Release|x86 = Release|x86
	EndGlobalSection
	GlobalSection(SolutionProperties) = preSolution
		HideSolutionNode = FALSE
	EndGlobalSection
	GlobalSection(ProjectConfigurationPlatforms) = postSolution
		{60F669E1-9BF7-47E8-819B-1C4FA883BF67}.Debug|Any CPU.ActiveCfg = Debug|Any CPU
		{60F669E1-9BF7-47E8-819B-1C4FA883BF67}.Debug|Any CPU.Build.0 = Debug|Any CPU
		{60F669E1-9BF7-47E8-819B-1C4FA883BF67}.Debug|x64.ActiveCfg = Debug|Any CPU
		{60F669E1-9BF7-47E8-819B-1C4FA883BF67}.Debug|x64.Build.0 = Debug|Any CPU
		{60F669E1-9BF7-47E8-819B-1C4FA883BF67}.Debug|x86.ActiveCfg = Debug|Any CPU
		{60F669E1-9BF7-47E8-819B-1C4FA883BF67}.Debug|x86.Build.0 = Debug|Any CPU
		{60F669E1-9BF7-47E8-819B-1C4FA883BF67}.Release|Any CPU.ActiveCfg = Release|Any CPU
		{60F669E1-9BF7-47E8-819B-1C4FA883BF67}.Release|Any CPU.Build.0 = Release|Any CPU
		{60F669E1-9BF7-47E8-819B-1C4FA883BF67}.Release|x64.ActiveCfg = Release|Any CPU
		{60F669E1-9BF7-47E8-819B-1C4FA883BF67}.Release|x64.Build.0 = Release|Any CPU
		{60F669E1-9BF7-47E8-819B-1C4FA883BF67}.Release|x86.ActiveCfg = Release|Any CPU
		{60F669E1-9BF7-47E8-819B-1C4FA883BF67}.Release|x86.Build.0 = Release|Any CPU
		{563EC6B6-7489-46FB-BC92-2251B5481750}.Debug|Any CPU.ActiveCfg = Debug|Any CPU
		{563EC6B6-7489-46FB-BC92-2251B5481750}.Debug|Any CPU.Build.0 = Debug|Any CPU
		{563EC6B6-7489-46FB-BC92-2251B5481750}.Debug|x64.ActiveCfg = Debug|Any CPU
		{563EC6B6-7489-46FB-BC92-2251B5481750}.Debug|x64.Build.0 = Debug|Any CPU
		{563EC6B6-7489-46FB-BC92-2251B5481750}.Debug|x86.ActiveCfg = Debug|Any CPU
		{563EC6B6-7489-46FB-BC92-2251B5481750}.Debug|x86.Build.0 = Debug|Any CPU
		{563EC6B6-7489-46FB-BC92-2251B5481750}.Release|Any CPU.ActiveCfg = Release|Any CPU
		{563EC6B6-7489-46FB-BC92-2251B5481750}.Release|Any CPU.Build.0 = Release|Any CPU
		{563EC6B6-7489-46FB-BC92-2251B5481750}.Release|x64.ActiveCfg = Release|Any CPU
		{563EC6B6-7489-46FB-BC92-2251B5481750}.Release|x64.Build.0 = Release|Any CPU
		{563EC6B6-7489-46FB-BC92-2251B5481750}.Release|x86.ActiveCfg = Release|Any CPU
		{563EC6B6-7489-46FB-BC92-2251B5481750}.Release|x86.Build.0 = Release|Any CPU
		{866339DF-FDB7-4147-8774-AE1191F0D63F}.Debug|Any CPU.ActiveCfg = Debug|Any CPU
		{866339DF-FDB7-4147-8774-AE1191F0D63F}.Debug|Any CPU.Build.0 = Debug|Any CPU
		{866339DF-FDB7-4147-8774-AE1191F0D63F}.Debug|x64.ActiveCfg = Debug|Any CPU
		{866339DF-FDB7-4147-8774-AE1191F0D63F}.Debug|x64.Build.0 = Debug|Any CPU
		{866339DF-FDB7-4147-8774-AE1191F0D63F}.Debug|x86.ActiveCfg = Debug|Any CPU
		{866339DF-FDB7-4147-8774-AE1191F0D63F}.Debug|x86.Build.0 = Debug|Any CPU
		{866339DF-FDB7-4147-8774-AE1191F0D63F}.Release|Any CPU.ActiveCfg = Release|Any CPU
		{866339DF-FDB7-4147-8774-AE1191F0D63F}.Release|Any CPU.Build.0 = Release|Any CPU
		{866339DF-FDB7-4147-8774-AE1191F0D63F}.Release|x64.ActiveCfg = Release|Any CPU
		{866339DF-FDB7-4147-8774-AE1191F0D63F}.Release|x64.Build.0 = Release|Any CPU
		{866339DF-FDB7-4147-8774-AE1191F0D63F}.Release|x86.ActiveCfg = Release|Any CPU
		{866339DF-FDB7-4147-8774-AE1191F0D63F}.Release|x86.Build.0 = Release|Any CPU
		{5FC7FBAE-AD94-4FE1-8B30-4CF595B10266}.Debug|Any CPU.ActiveCfg = Debug|Any CPU
		{5FC7FBAE-AD94-4FE1-8B30-4CF595B10266}.Debug|Any CPU.Build.0 = Debug|Any CPU
		{5FC7FBAE-AD94-4FE1-8B30-4CF595B10266}.Debug|x64.ActiveCfg = Debug|Any CPU
		{5FC7FBAE-AD94-4FE1-8B30-4CF595B10266}.Debug|x64.Build.0 = Debug|Any CPU
		{5FC7FBAE-AD94-4FE1-8B30-4CF595B10266}.Debug|x86.ActiveCfg = Debug|Any CPU
		{5FC7FBAE-AD94-4FE1-8B30-4CF595B10266}.Debug|x86.Build.0 = Debug|Any CPU
		{5FC7FBAE-AD94-4FE1-8B30-4CF595B10266}.Release|Any CPU.ActiveCfg = Release|Any CPU
		{5FC7FBAE-AD94-4FE1-8B30-4CF595B10266}.Release|Any CPU.Build.0 = Release|Any CPU
		{5FC7FBAE-AD94-4FE1-8B30-4CF595B10266}.Release|x64.ActiveCfg = Release|Any CPU
		{5FC7FBAE-AD94-4FE1-8B30-4CF595B10266}.Release|x64.Build.0 = Release|Any CPU
		{5FC7FBAE-AD94-4FE1-8B30-4CF595B10266}.Release|x86.ActiveCfg = Release|Any CPU
		{5FC7FBAE-AD94-4FE1-8B30-4CF595B10266}.Release|x86.Build.0 = Release|Any CPU
		{9D92DD5E-5990-42CF-A5DD-7D4A018FC8D0}.Debug|Any CPU.ActiveCfg = Debug|Any CPU
		{9D92DD5E-5990-42CF-A5DD-7D4A018FC8D0}.Debug|Any CPU.Build.0 = Debug|Any CPU
		{9D92DD5E-5990-42CF-A5DD-7D4A018FC8D0}.Debug|x64.ActiveCfg = Debug|Any CPU
		{9D92DD5E-5990-42CF-A5DD-7D4A018FC8D0}.Debug|x64.Build.0 = Debug|Any CPU
		{9D92DD5E-5990-42CF-A5DD-7D4A018FC8D0}.Debug|x86.ActiveCfg = Debug|Any CPU
		{9D92DD5E-5990-42CF-A5DD-7D4A018FC8D0}.Debug|x86.Build.0 = Debug|Any CPU
		{9D92DD5E-5990-42CF-A5DD-7D4A018FC8D0}.Release|Any CPU.ActiveCfg = Release|Any CPU
		{9D92DD5E-5990-42CF-A5DD-7D4A018FC8D0}.Release|Any CPU.Build.0 = Release|Any CPU
		{9D92DD5E-5990-42CF-A5DD-7D4A018FC8D0}.Release|x64.ActiveCfg = Release|Any CPU
		{9D92DD5E-5990-42CF-A5DD-7D4A018FC8D0}.Release|x64.Build.0 = Release|Any CPU
		{9D92DD5E-5990-42CF-A5DD-7D4A018FC8D0}.Release|x86.ActiveCfg = Release|Any CPU
		{9D92DD5E-5990-42CF-A5DD-7D4A018FC8D0}.Release|x86.Build.0 = Release|Any CPU
	EndGlobalSection
EndGlobal
